
Microsoft Visual Studio Solution File, Format Version 12.00
# Visual Studio Version 16
VisualStudioVersion = 16.0.33027.164
MinimumVisualStudioVersion = 10.0.40219.1
Project("{FAE04EC0-301F-11D3-BF4B-00C04F79EFBC}") = "Cohesion_Project", "Cohesion_Project\Cohesion_Project.csproj", "{9B741325-2AA9-4175-86B8-C14AF1B88D16}"
EndProject
Global
	GlobalSection(SolutionConfigurationPlatforms) = preSolution
		Debug|Any CPU = Debug|Any CPU
		Release|Any CPU = Release|Any CPU
	EndGlobalSection
	GlobalSection(ProjectConfigurationPlatforms) = postSolution
		{9B741325-2AA9-4175-86B8-C14AF1B88D16}.Debug|Any CPU.ActiveCfg = Debug|Any CPU
		{9B741325-2AA9-4175-86B8-C14AF1B88D16}.Debug|Any CPU.Build.0 = Debug|Any CPU
		{9B741325-2AA9-4175-86B8-C14AF1B88D16}.Release|Any CPU.ActiveCfg = Release|Any CPU
		{9B741325-2AA9-4175-86B8-C14AF1B88D16}.Release|Any CPU.Build.0 = Release|Any CPU
	EndGlobalSection
	GlobalSection(SolutionProperties) = preSolution
		HideSolutionNode = FALSE
	EndGlobalSection
	GlobalSection(ExtensibilityGlobals) = postSolution
		SolutionGuid = {EC54FDB1-EB20-4A47-9033-BE55164F1C25}
	EndGlobalSection
EndGlobal
